<?xml version="1.0" encoding="utf-8"?>
<Project ToolsVersion="4.0" xmlns="http://schemas.microsoft.com/developer/msbuild/2003">
  <ItemGroup>
    <Filter Include="Source Files">
      <UniqueIdentifier>{4FC737F1-C7A5-4376-A066-2A32D752A2FF}</UniqueIdentifier>
      <Extensions>cpp;c;cc;cxx;def;odl;idl;hpj;bat;asm;asmx</Extensions>
    </Filter>
    <Filter Include="Header Files">
      <UniqueIdentifier>{93995380-89BD-4b04-88EB-625FBE52EBFB}</UniqueIdentifier>
      <Extensions>h;hpp;hxx;hm;inl;inc;xsd</Extensions>
    </Filter>
    <Filter Include="Resource Files">
      <UniqueIdentifier>{67DA6AB6-F800-4c08-8B7A-83BB121AAD01}</UniqueIdentifier>
      <Extensions>rc;ico;cur;bmp;dlg;rc2;rct;bin;rgs;gif;jpg;jpeg;jpe;resx;tiff;tif;png;wav;mfcribbon-ms</Extensions>
    </Filter>
    <Filter Include="Internal">
      <UniqueIdentifier>{730047bc-3c28-440e-aec1-049936ee59fe}</UniqueIdentifier>
    </Filter>
  </ItemGroup>
  <ItemGroup>
    <ClInclude Include="lznt1.h">
      <Filter>Header Files</Filter>
    </ClInclude>
    <ClInclude Include="lzx.h">
      <Filter>Header Files</Filter>
    </ClInclude>
    <ClInclude Include="xpress.h">
      <Filter>Header Files</Filter>
    </ClInclude>
    <ClInclude Include="xpress_huff.h">
      <Filter>Header Files</Filter>
    </ClInclude>
    <ClInclude Include="compression.h">
      <Filter>Header Files</Filter>
    </ClInclude>
    <ClInclude Include="Bitstream.h">
      <Filter>Internal</Filter>
    </ClInclude>
    <ClInclude Include="compression-api.h">
      <Filter>Header Files</Filter>
    </ClInclude>
    <ClInclude Include="XpressDictionary.h">
      <Filter>Internal</Filter>
    </ClInclude>
    <ClInclude Include="LZNT1Dictionary.h">
      <Filter>Internal</Filter>
    </ClInclude>
    <ClInclude Include="LCG.h">
      <Filter>Internal</Filter>
    </ClInclude>
    <ClInclude Include="HuffmanDecoder.h">
      <Filter>Internal</Filter>
    </ClInclude>
    <ClInclude Include="HuffmanEncoder.h">
      <Filter>Internal</Filter>
    </ClInclude>
    <ClInclude Include="LZXConstants.h">
      <Filter>Internal</Filter>
    </ClInclude>
    <ClInclude Include="LZXDecompressionCore.h">
      <Filter>Internal</Filter>
    </ClInclude>
    <ClInclude Include="LZXCompressionCore.h">
      <Filter>Internal</Filter>
    </ClInclude>
    <ClInclude Include="LZXDictionaryWIM.h">
      <Filter>Internal</Filter>
    </ClInclude>
    <ClInclude Include="LZXDictionaryCAB.h">
      <Filter>Internal</Filter>
    </ClInclude>
    <ClInclude Include="Threaded.h">
      <Filter>Internal</Filter>
    </ClInclude>
  </ItemGroup>
  <ItemGroup>
    <ClCompile Include="xpress_huff.cpp">
      <Filter>Source Files</Filter>
    </ClCompile>
    <ClCompile Include="xpress.cpp">
      <Filter>Source Files</Filter>
    </ClCompile>
    <ClCompile Include="lznt1.cpp">
      <Filter>Source Files</Filter>
    </ClCompile>
    <ClCompile Include="compression.cpp">
      <Filter>Source Files</Filter>
    </ClCompile>
    <ClCompile Include="lzx.cpp">
      <Filter>Source Files</Filter>
    </ClCompile>
    <ClCompile Include="Threaded.cpp">
      <Filter>Internal</Filter>
    </ClCompile>
  </ItemGroup>
</Project>